
Microsoft Visual Studio Solution File, Format Version 12.00
# Visual Studio 15
VisualStudioVersion = 15.0.27703.2042
MinimumVisualStudioVersion = 10.0.40219.1
Project("{FAE04EC0-301F-11D3-BF4B-00C04F79EFBC}") = "HangmanMobile7.Android", "HangmanMobile7\HangmanMobile7.Android\HangmanMobile7.Android.csproj", "{067340EA-A7F6-4897-9B85-C2C1CC52BF7F}"
EndProject
Project("{FAE04EC0-301F-11D3-BF4B-00C04F79EFBC}") = "HangmanMobile7.iOS", "HangmanMobile7\HangmanMobile7.iOS\HangmanMobile7.iOS.csproj", "{0D9C565A-EA49-4706-8C69-E8BD20B73DCC}"
EndProject
Project("{FAE04EC0-301F-11D3-BF4B-00C04F79EFBC}") = "HangmanMobile7", "HangmanMobile7\HangmanMobile7\HangmanMobile7.csproj", "{7EE85EAD-6948-4D42-9F90-E9D2B16608A9}"
EndProject
Global
	GlobalSection(SolutionConfigurationPlatforms) = preSolution
		Ad-Hoc|Any CPU = Ad-Hoc|Any CPU
		Ad-Hoc|iPhone = Ad-Hoc|iPhone
		Ad-Hoc|iPhoneSimulator = Ad-Hoc|iPhoneSimulator
		AppStore|Any CPU = AppStore|Any CPU
		AppStore|iPhone = AppStore|iPhone
		AppStore|iPhoneSimulator = AppStore|iPhoneSimulator
		Debug|Any CPU = Debug|Any CPU
		Debug|iPhone = Debug|iPhone
		Debug|iPhoneSimulator = Debug|iPhoneSimulator
		Release|Any CPU = Release|Any CPU
		Release|iPhone = Release|iPhone
		Release|iPhoneSimulator = Release|iPhoneSimulator
	EndGlobalSection
	GlobalSection(ProjectConfigurationPlatforms) = postSolution
		{067340EA-A7F6-4897-9B85-C2C1CC52BF7F}.Ad-Hoc|Any CPU.ActiveCfg = Release|Any CPU
		{067340EA-A7F6-4897-9B85-C2C1CC52BF7F}.Ad-Hoc|Any CPU.Build.0 = Release|Any CPU
		{067340EA-A7F6-4897-9B85-C2C1CC52BF7F}.Ad-Hoc|Any CPU.Deploy.0 = Release|Any CPU
		{067340EA-A7F6-4897-9B85-C2C1CC52BF7F}.Ad-Hoc|iPhone.ActiveCfg = Release|Any CPU
		{067340EA-A7F6-4897-9B85-C2C1CC52BF7F}.Ad-Hoc|iPhone.Build.0 = Release|Any CPU
		{067340EA-A7F6-4897-9B85-C2C1CC52BF7F}.Ad-Hoc|iPhone.Deploy.0 = Release|Any CPU
		{067340EA-A7F6-4897-9B85-C2C1CC52BF7F}.Ad-Hoc|iPhoneSimulator.ActiveCfg = Release|Any CPU
		{067340EA-A7F6-4897-9B85-C2C1CC52BF7F}.Ad-Hoc|iPhoneSimulator.Build.0 = Release|Any CPU
		{067340EA-A7F6-4897-9B85-C2C1CC52BF7F}.Ad-Hoc|iPhoneSimulator.Deploy.0 = Release|Any CPU
		{067340EA-A7F6-4897-9B85-C2C1CC52BF7F}.AppStore|Any CPU.ActiveCfg = Release|Any CPU
		{067340EA-A7F6-4897-9B85-C2C1CC52BF7F}.AppStore|Any CPU.Build.0 = Release|Any CPU
		{067340EA-A7F6-4897-9B85-C2C1CC52BF7F}.AppStore|Any CPU.Deploy.0 = Release|Any CPU
		{067340EA-A7F6-4897-9B85-C2C1CC52BF7F}.AppStore|iPhone.ActiveCfg = Release|Any CPU
		{067340EA-A7F6-4897-9B85-C2C1CC52BF7F}.AppStore|iPhone.Build.0 = Release|Any CPU
		{067340EA-A7F6-4897-9B85-C2C1CC52BF7F}.AppStore|iPhone.Deploy.0 = Release|Any CPU
		{067340EA-A7F6-4897-9B85-C2C1CC52BF7F}.AppStore|iPhoneSimulator.ActiveCfg = Release|Any CPU
		{067340EA-A7F6-4897-9B85-C2C1CC52BF7F}.AppStore|iPhoneSimulator.Build.0 = Release|Any CPU
		{067340EA-A7F6-4897-9B85-C2C1CC52BF7F}.AppStore|iPhoneSimulator.Deploy.0 = Release|Any CPU
		{067340EA-A7F6-4897-9B85-C2C1CC52BF7F}.Debug|Any CPU.ActiveCfg = Debug|Any CPU
		{067340EA-A7F6-4897-9B85-C2C1CC52BF7F}.Debug|Any CPU.Build.0 = Debug|Any CPU
		{067340EA-A7F6-4897-9B85-C2C1CC52BF7F}.Debug|Any CPU.Deploy.0 = Debug|Any CPU
		{067340EA-A7F6-4897-9B85-C2C1CC52BF7F}.Debug|iPhone.ActiveCfg = Debug|Any CPU
		{067340EA-A7F6-4897-9B85-C2C1CC52BF7F}.Debug|iPhone.Build.0 = Debug|Any CPU
		{067340EA-A7F6-4897-9B85-C2C1CC52BF7F}.Debug|iPhone.Deploy.0 = Debug|Any CPU
		{067340EA-A7F6-4897-9B85-C2C1CC52BF7F}.Debug|iPhoneSimulator.ActiveCfg = Debug|Any CPU
		{067340EA-A7F6-4897-9B85-C2C1CC52BF7F}.Debug|iPhoneSimulator.Build.0 = Debug|Any CPU
		{067340EA-A7F6-4897-9B85-C2C1CC52BF7F}.Debug|iPhoneSimulator.Deploy.0 = Debug|Any CPU
		{067340EA-A7F6-4897-9B85-C2C1CC52BF7F}.Release|Any CPU.ActiveCfg = Release|Any CPU
		{067340EA-A7F6-4897-9B85-C2C1CC52BF7F}.Release|Any CPU.Build.0 = Release|Any CPU
		{067340EA-A7F6-4897-9B85-C2C1CC52BF7F}.Release|Any CPU.Deploy.0 = Release|Any CPU
		{067340EA-A7F6-4897-9B85-C2C1CC52BF7F}.Release|iPhone.ActiveCfg = Release|Any CPU
		{067340EA-A7F6-4897-9B85-C2C1CC52BF7F}.Release|iPhone.Build.0 = Release|Any CPU
		{067340EA-A7F6-4897-9B85-C2C1CC52BF7F}.Release|iPhone.Deploy.0 = Release|Any CPU
		{067340EA-A7F6-4897-9B85-C2C1CC52BF7F}.Release|iPhoneSimulator.ActiveCfg = Release|Any CPU
		{067340EA-A7F6-4897-9B85-C2C1CC52BF7F}.Release|iPhoneSimulator.Build.0 = Release|Any CPU
		{067340EA-A7F6-4897-9B85-C2C1CC52BF7F}.Release|iPhoneSimulator.Deploy.0 = Release|Any CPU
		{0D9C565A-EA49-4706-8C69-E8BD20B73DCC}.Ad-Hoc|Any CPU.ActiveCfg = Ad-Hoc|iPhone
		{0D9C565A-EA49-4706-8C69-E8BD20B73DCC}.Ad-Hoc|Any CPU.Build.0 = Ad-Hoc|iPhone
		{0D9C565A-EA49-4706-8C69-E8BD20B73DCC}.Ad-Hoc|Any CPU.Deploy.0 = Ad-Hoc|iPhone
		{0D9C565A-EA49-4706-8C69-E8BD20B73DCC}.Ad-Hoc|iPhone.ActiveCfg = Ad-Hoc|iPhone
		{0D9C565A-EA49-4706-8C69-E8BD20B73DCC}.Ad-Hoc|iPhone.Build.0 = Ad-Hoc|iPhone
		{0D9C565A-EA49-4706-8C69-E8BD20B73DCC}.Ad-Hoc|iPhone.Deploy.0 = Ad-Hoc|iPhone
		{0D9C565A-EA49-4706-8C69-E8BD20B73DCC}.Ad-Hoc|iPhoneSimulator.ActiveCfg = Ad-Hoc|iPhoneSimulator
		{0D9C565A-EA49-4706-8C69-E8BD20B73DCC}.Ad-Hoc|iPhoneSimulator.Build.0 = Ad-Hoc|iPhoneSimulator
		{0D9C565A-EA49-4706-8C69-E8BD20B73DCC}.Ad-Hoc|iPhoneSimulator.Deploy.0 = Ad-Hoc|iPhoneSimulator
		{0D9C565A-EA49-4706-8C69-E8BD20B73DCC}.AppStore|Any CPU.ActiveCfg = AppStore|iPhone
		{0D9C565A-EA49-4706-8C69-E8BD20B73DCC}.AppStore|Any CPU.Build.0 = AppStore|iPhone
		{0D9C565A-EA49-4706-8C69-E8BD20B73DCC}.AppStore|Any CPU.Deploy.0 = AppStore|iPhone
		{0D9C565A-EA49-4706-8C69-E8BD20B73DCC}.AppStore|iPhone.ActiveCfg = AppStore|iPhone
		{0D9C565A-EA49-4706-8C69-E8BD20B73DCC}.AppStore|iPhone.Build.0 = AppStore|iPhone
		{0D9C565A-EA49-4706-8C69-E8BD20B73DCC}.AppStore|iPhone.Deploy.0 = AppStore|iPhone
		{0D9C565A-EA49-4706-8C69-E8BD20B73DCC}.AppStore|iPhoneSimulator.ActiveCfg = AppStore|iPhoneSimulator
		{0D9C565A-EA49-4706-8C69-E8BD20B73DCC}.AppStore|iPhoneSimulator.Build.0 = AppStore|iPhoneSimulator
		{0D9C565A-EA49-4706-8C69-E8BD20B73DCC}.AppStore|iPhoneSimulator.Deploy.0 = AppStore|iPhoneSimulator
		{0D9C565A-EA49-4706-8C69-E8BD20B73DCC}.Debug|Any CPU.ActiveCfg = Debug|iPhoneSimulator
		{0D9C565A-EA49-4706-8C69-E8BD20B73DCC}.Debug|Any CPU.Build.0 = Debug|iPhoneSimulator
		{0D9C565A-EA49-4706-8C69-E8BD20B73DCC}.Debug|Any CPU.Deploy.0 = Debug|iPhoneSimulator
		{0D9C565A-EA49-4706-8C69-E8BD20B73DCC}.Debug|iPhone.ActiveCfg = Debug|iPhone
		{0D9C565A-EA49-4706-8C69-E8BD20B73DCC}.Debug|iPhone.Build.0 = Debug|iPhone
		{0D9C565A-EA49-4706-8C69-E8BD20B73DCC}.Debug|iPhone.Deploy.0 = Debug|iPhone
		{0D9C565A-EA49-4706-8C69-E8BD20B73DCC}.Debug|iPhoneSimulator.ActiveCfg = Debug|iPhoneSimulator
		{0D9C565A-EA49-4706-8C69-E8BD20B73DCC}.Debug|iPhoneSimulator.Build.0 = Debug|iPhoneSimulator
		{0D9C565A-EA49-4706-8C69-E8BD20B73DCC}.Debug|iPhoneSimulator.Deploy.0 = Debug|iPhoneSimulator
		{0D9C565A-EA49-4706-8C69-E8BD20B73DCC}.Release|Any CPU.ActiveCfg = Release|iPhone
		{0D9C565A-EA49-4706-8C69-E8BD20B73DCC}.Release|Any CPU.Build.0 = Release|iPhone
		{0D9C565A-EA49-4706-8C69-E8BD20B73DCC}.Release|Any CPU.Deploy.0 = Release|iPhone
		{0D9C565A-EA49-4706-8C69-E8BD20B73DCC}.Release|iPhone.ActiveCfg = Release|iPhone
		{0D9C565A-EA49-4706-8C69-E8BD20B73DCC}.Release|iPhone.Build.0 = Release|iPhone
		{0D9C565A-EA49-4706-8C69-E8BD20B73DCC}.Release|iPhone.Deploy.0 = Release|iPhone
		{0D9C565A-EA49-4706-8C69-E8BD20B73DCC}.Release|iPhoneSimulator.ActiveCfg = Release|iPhoneSimulator
		{0D9C565A-EA49-4706-8C69-E8BD20B73DCC}.Release|iPhoneSimulator.Build.0 = Release|iPhoneSimulator
		{0D9C565A-EA49-4706-8C69-E8BD20B73DCC}.Release|iPhoneSimulator.Deploy.0 = Release|iPhoneSimulator
		{7EE85EAD-6948-4D42-9F90-E9D2B16608A9}.Ad-Hoc|Any CPU.ActiveCfg = Debug|Any CPU
		{7EE85EAD-6948-4D42-9F90-E9D2B16608A9}.Ad-Hoc|Any CPU.Build.0 = Debug|Any CPU
		{7EE85EAD-6948-4D42-9F90-E9D2B16608A9}.Ad-Hoc|Any CPU.Deploy.0 = Debug|Any CPU
		{7EE85EAD-6948-4D42-9F90-E9D2B16608A9}.Ad-Hoc|iPhone.ActiveCfg = Debug|Any CPU
		{7EE85EAD-6948-4D42-9F90-E9D2B16608A9}.Ad-Hoc|iPhone.Build.0 = Debug|Any CPU
		{7EE85EAD-6948-4D42-9F90-E9D2B16608A9}.Ad-Hoc|iPhone.Deploy.0 = Debug|Any CPU
		{7EE85EAD-6948-4D42-9F90-E9D2B16608A9}.Ad-Hoc|iPhoneSimulator.ActiveCfg = Debug|Any CPU
		{7EE85EAD-6948-4D42-9F90-E9D2B16608A9}.Ad-Hoc|iPhoneSimulator.Build.0 = Debug|Any CPU
		{7EE85EAD-6948-4D42-9F90-E9D2B16608A9}.Ad-Hoc|iPhoneSimulator.Deploy.0 = Debug|Any CPU
		{7EE85EAD-6948-4D42-9F90-E9D2B16608A9}.AppStore|Any CPU.ActiveCfg = Debug|Any CPU
		{7EE85EAD-6948-4D42-9F90-E9D2B16608A9}.AppStore|Any CPU.Build.0 = Debug|Any CPU
		{7EE85EAD-6948-4D42-9F90-E9D2B16608A9}.AppStore|Any CPU.Deploy.0 = Debug|Any CPU
		{7EE85EAD-6948-4D42-9F90-E9D2B16608A9}.AppStore|iPhone.ActiveCfg = Debug|Any CPU
		{7EE85EAD-6948-4D42-9F90-E9D2B16608A9}.AppStore|iPhone.Build.0 = Debug|Any CPU
		{7EE85EAD-6948-4D42-9F90-E9D2B16608A9}.AppStore|iPhone.Deploy.0 = Debug|Any CPU
		{7EE85EAD-6948-4D42-9F90-E9D2B16608A9}.AppStore|iPhoneSimulator.ActiveCfg = Debug|Any CPU
		{7EE85EAD-6948-4D42-9F90-E9D2B16608A9}.AppStore|iPhoneSimulator.Build.0 = Debug|Any CPU
		{7EE85EAD-6948-4D42-9F90-E9D2B16608A9}.AppStore|iPhoneSimulator.Deploy.0 = Debug|Any CPU
		{7EE85EAD-6948-4D42-9F90-E9D2B16608A9}.Debug|Any CPU.ActiveCfg = Debug|Any CPU
		{7EE85EAD-6948-4D42-9F90-E9D2B16608A9}.Debug|Any CPU.Build.0 = Debug|Any CPU
		{7EE85EAD-6948-4D42-9F90-E9D2B16608A9}.Debug|Any CPU.Deploy.0 = Debug|Any CPU
		{7EE85EAD-6948-4D42-9F90-E9D2B16608A9}.Debug|iPhone.ActiveCfg = Debug|Any CPU
		{7EE85EAD-6948-4D42-9F90-E9D2B16608A9}.Debug|iPhone.Build.0 = Debug|Any CPU
		{7EE85EAD-6948-4D42-9F90-E9D2B16608A9}.Debug|iPhone.Deploy.0 = Debug|Any CPU
		{7EE85EAD-6948-4D42-9F90-E9D2B16608A9}.Debug|iPhoneSimulator.ActiveCfg = Debug|Any CPU
		{7EE85EAD-6948-4D42-9F90-E9D2B16608A9}.Debug|iPhoneSimulator.Build.0 = Debug|Any CPU
		{7EE85EAD-6948-4D42-9F90-E9D2B16608A9}.Debug|iPhoneSimulator.Deploy.0 = Debug|Any CPU
		{7EE85EAD-6948-4D42-9F90-E9D2B16608A9}.Release|Any CPU.ActiveCfg = Release|Any CPU
		{7EE85EAD-6948-4D42-9F90-E9D2B16608A9}.Release|Any CPU.Build.0 = Release|Any CPU
		{7EE85EAD-6948-4D42-9F90-E9D2B16608A9}.Release|Any CPU.Deploy.0 = Release|Any CPU
		{7EE85EAD-6948-4D42-9F90-E9D2B16608A9}.Release|iPhone.ActiveCfg = Release|Any CPU
		{7EE85EAD-6948-4D42-9F90-E9D2B16608A9}.Release|iPhone.Build.0 = Release|Any CPU
		{7EE85EAD-6948-4D42-9F90-E9D2B16608A9}.Release|iPhone.Deploy.0 = Release|Any CPU
		{7EE85EAD-6948-4D42-9F90-E9D2B16608A9}.Release|iPhoneSimulator.ActiveCfg = Release|Any CPU
		{7EE85EAD-6948-4D42-9F90-E9D2B16608A9}.Release|iPhoneSimulator.Build.0 = Release|Any CPU
		{7EE85EAD-6948-4D42-9F90-E9D2B16608A9}.Release|iPhoneSimulator.Deploy.0 = Release|Any CPU
	EndGlobalSection
	GlobalSection(SolutionProperties) = preSolution
		HideSolutionNode = FALSE
	EndGlobalSection
	GlobalSection(ExtensibilityGlobals) = postSolution
		SolutionGuid = {A083C66E-20BF-431A-AFD4-46E7BDCC25D8}
	EndGlobalSection
EndGlobal
